
Microsoft Visual Studio Solution File, Format Version 12.00
# Visual Studio 15
VisualStudioVersion = 15.0.27703.2035
MinimumVisualStudioVersion = 10.0.40219.1
Project("{8BC9CEB8-8B4A-11D0-8D11-00A0C91BC942}") = "Project_1", "Project_1\Project_1.vcxproj", "{704171EE-1B74-42CA-BC39-A5E6578EB54F}"
EndProject
Project("{8BC9CEB8-8B4A-11D0-8D11-00A0C91BC942}") = "UnitTest_For_Project_1", "UnitTest_For_Project_1\UnitTest_For_Project_1.vcxproj", "{64C26115-03EF-4555-8CEC-F1E5F601956B}"
EndProject
Project("{8BC9CEB8-8B4A-11D0-8D11-00A0C91BC942}") = "Project_2", "Project2\Project2.vcxproj", "{D61304D5-8B92-469E-91F7-0843B110698B}"
EndProject
Project("{8BC9CEB8-8B4A-11D0-8D11-00A0C91BC942}") = "UnitTest_For_Project_2", "UnitTest_For_Project_2\UnitTest_For_Project_2.vcxproj", "{A391C3DB-9B4C-4ACA-82A7-C4A71288F039}"
EndProject
Project("{8BC9CEB8-8B4A-11D0-8D11-00A0C91BC942}") = "Project_3", "Project_3\Project_3.vcxproj", "{07CCD8AD-A06A-44AB-84E6-F254E9EF887E}"
EndProject
Project("{8BC9CEB8-8B4A-11D0-8D11-00A0C91BC942}") = "UnitTest_For_Project_3", "UnitTest_For_Project_3\UnitTest_For_Project_3.vcxproj", "{22FED94E-2307-445A-8FC1-7635389A6AF2}"
EndProject
Project("{8BC9CEB8-8B4A-11D0-8D11-00A0C91BC942}") = "Project_4", "Project_4\Project_4.vcxproj", "{982559A2-FBFA-4D3C-A919-CED2A0464348}"
EndProject
Project("{8BC9CEB8-8B4A-11D0-8D11-00A0C91BC942}") = "UnitTest_For_Project_4", "UnitTest_For_Project_4\UnitTest_For_Project_4.vcxproj", "{202973A6-3E20-4EE9-907A-C9426F789F08}"
EndProject
Project("{8BC9CEB8-8B4A-11D0-8D11-00A0C91BC942}") = "Course_work", "Course_work\Course_work.vcxproj", "{BB98D17D-A942-4D35-B647-3EF26C21C8A9}"
EndProject
Global
	GlobalSection(SolutionConfigurationPlatforms) = preSolution
		Debug|Any CPU = Debug|Any CPU
		Debug|x64 = Debug|x64
		Debug|x86 = Debug|x86
		Release|Any CPU = Release|Any CPU
		Release|x64 = Release|x64
		Release|x86 = Release|x86
	EndGlobalSection
	GlobalSection(ProjectConfigurationPlatforms) = postSolution
		{704171EE-1B74-42CA-BC39-A5E6578EB54F}.Debug|Any CPU.ActiveCfg = Debug|Win32
		{704171EE-1B74-42CA-BC39-A5E6578EB54F}.Debug|x64.ActiveCfg = Debug|x64
		{704171EE-1B74-42CA-BC39-A5E6578EB54F}.Debug|x64.Build.0 = Debug|x64
		{704171EE-1B74-42CA-BC39-A5E6578EB54F}.Debug|x86.ActiveCfg = Debug|Win32
		{704171EE-1B74-42CA-BC39-A5E6578EB54F}.Debug|x86.Build.0 = Debug|Win32
		{704171EE-1B74-42CA-BC39-A5E6578EB54F}.Release|Any CPU.ActiveCfg = Release|Win32
		{704171EE-1B74-42CA-BC39-A5E6578EB54F}.Release|x64.ActiveCfg = Release|x64
		{704171EE-1B74-42CA-BC39-A5E6578EB54F}.Release|x64.Build.0 = Release|x64
		{704171EE-1B74-42CA-BC39-A5E6578EB54F}.Release|x86.ActiveCfg = Release|Win32
		{704171EE-1B74-42CA-BC39-A5E6578EB54F}.Release|x86.Build.0 = Release|Win32
		{64C26115-03EF-4555-8CEC-F1E5F601956B}.Debug|Any CPU.ActiveCfg = Debug|Win32
		{64C26115-03EF-4555-8CEC-F1E5F601956B}.Debug|x64.ActiveCfg = Debug|x64
		{64C26115-03EF-4555-8CEC-F1E5F601956B}.Debug|x64.Build.0 = Debug|x64
		{64C26115-03EF-4555-8CEC-F1E5F601956B}.Debug|x86.ActiveCfg = Debug|Win32
		{64C26115-03EF-4555-8CEC-F1E5F601956B}.Debug|x86.Build.0 = Debug|Win32
		{64C26115-03EF-4555-8CEC-F1E5F601956B}.Release|Any CPU.ActiveCfg = Release|Win32
		{64C26115-03EF-4555-8CEC-F1E5F601956B}.Release|x64.ActiveCfg = Release|x64
		{64C26115-03EF-4555-8CEC-F1E5F601956B}.Release|x64.Build.0 = Release|x64
		{64C26115-03EF-4555-8CEC-F1E5F601956B}.Release|x86.ActiveCfg = Release|Win32
		{64C26115-03EF-4555-8CEC-F1E5F601956B}.Release|x86.Build.0 = Release|Win32
		{D61304D5-8B92-469E-91F7-0843B110698B}.Debug|Any CPU.ActiveCfg = Debug|Win32
		{D61304D5-8B92-469E-91F7-0843B110698B}.Debug|x64.ActiveCfg = Debug|x64
		{D61304D5-8B92-469E-91F7-0843B110698B}.Debug|x64.Build.0 = Debug|x64
		{D61304D5-8B92-469E-91F7-0843B110698B}.Debug|x86.ActiveCfg = Debug|Win32
		{D61304D5-8B92-469E-91F7-0843B110698B}.Debug|x86.Build.0 = Debug|Win32
		{D61304D5-8B92-469E-91F7-0843B110698B}.Release|Any CPU.ActiveCfg = Release|Win32
		{D61304D5-8B92-469E-91F7-0843B110698B}.Release|x64.ActiveCfg = Release|x64
		{D61304D5-8B92-469E-91F7-0843B110698B}.Release|x64.Build.0 = Release|x64
		{D61304D5-8B92-469E-91F7-0843B110698B}.Release|x86.ActiveCfg = Release|Win32
		{D61304D5-8B92-469E-91F7-0843B110698B}.Release|x86.Build.0 = Release|Win32
		{A391C3DB-9B4C-4ACA-82A7-C4A71288F039}.Debug|Any CPU.ActiveCfg = Debug|Win32
		{A391C3DB-9B4C-4ACA-82A7-C4A71288F039}.Debug|x64.ActiveCfg = Debug|x64
		{A391C3DB-9B4C-4ACA-82A7-C4A71288F039}.Debug|x64.Build.0 = Debug|x64
		{A391C3DB-9B4C-4ACA-82A7-C4A71288F039}.Debug|x86.ActiveCfg = Debug|Win32
		{A391C3DB-9B4C-4ACA-82A7-C4A71288F039}.Debug|x86.Build.0 = Debug|Win32
		{A391C3DB-9B4C-4ACA-82A7-C4A71288F039}.Release|Any CPU.ActiveCfg = Release|Win32
		{A391C3DB-9B4C-4ACA-82A7-C4A71288F039}.Release|x64.ActiveCfg = Release|x64
		{A391C3DB-9B4C-4ACA-82A7-C4A71288F039}.Release|x64.Build.0 = Release|x64
		{A391C3DB-9B4C-4ACA-82A7-C4A71288F039}.Release|x86.ActiveCfg = Release|Win32
		{A391C3DB-9B4C-4ACA-82A7-C4A71288F039}.Release|x86.Build.0 = Release|Win32
		{07CCD8AD-A06A-44AB-84E6-F254E9EF887E}.Debug|Any CPU.ActiveCfg = Debug|Win32
		{07CCD8AD-A06A-44AB-84E6-F254E9EF887E}.Debug|x64.ActiveCfg = Debug|x64
		{07CCD8AD-A06A-44AB-84E6-F254E9EF887E}.Debug|x64.Build.0 = Debug|x64
		{07CCD8AD-A06A-44AB-84E6-F254E9EF887E}.Debug|x86.ActiveCfg = Debug|Win32
		{07CCD8AD-A06A-44AB-84E6-F254E9EF887E}.Debug|x86.Build.0 = Debug|Win32
		{07CCD8AD-A06A-44AB-84E6-F254E9EF887E}.Release|Any CPU.ActiveCfg = Release|Win32
		{07CCD8AD-A06A-44AB-84E6-F254E9EF887E}.Release|x64.ActiveCfg = Release|x64
		{07CCD8AD-A06A-44AB-84E6-F254E9EF887E}.Release|x64.Build.0 = Release|x64
		{07CCD8AD-A06A-44AB-84E6-F254E9EF887E}.Release|x86.ActiveCfg = Release|Win32
		{07CCD8AD-A06A-44AB-84E6-F254E9EF887E}.Release|x86.Build.0 = Release|Win32
		{22FED94E-2307-445A-8FC1-7635389A6AF2}.Debug|Any CPU.ActiveCfg = Debug|Win32
		{22FED94E-2307-445A-8FC1-7635389A6AF2}.Debug|x64.ActiveCfg = Debug|x64
		{22FED94E-2307-445A-8FC1-7635389A6AF2}.Debug|x64.Build.0 = Debug|x64
		{22FED94E-2307-445A-8FC1-7635389A6AF2}.Debug|x86.ActiveCfg = Debug|Win32
		{22FED94E-2307-445A-8FC1-7635389A6AF2}.Debug|x86.Build.0 = Debug|Win32
		{22FED94E-2307-445A-8FC1-7635389A6AF2}.Release|Any CPU.ActiveCfg = Release|Win32
		{22FED94E-2307-445A-8FC1-7635389A6AF2}.Release|x64.ActiveCfg = Release|x64
		{22FED94E-2307-445A-8FC1-7635389A6AF2}.Release|x64.Build.0 = Release|x64
		{22FED94E-2307-445A-8FC1-7635389A6AF2}.Release|x86.ActiveCfg = Release|Win32
		{22FED94E-2307-445A-8FC1-7635389A6AF2}.Release|x86.Build.0 = Release|Win32
		{982559A2-FBFA-4D3C-A919-CED2A0464348}.Debug|Any CPU.ActiveCfg = Debug|Win32
		{982559A2-FBFA-4D3C-A919-CED2A0464348}.Debug|x64.ActiveCfg = Debug|x64
		{982559A2-FBFA-4D3C-A919-CED2A0464348}.Debug|x64.Build.0 = Debug|x64
		{982559A2-FBFA-4D3C-A919-CED2A0464348}.Debug|x86.ActiveCfg = Debug|Win32
		{982559A2-FBFA-4D3C-A919-CED2A0464348}.Debug|x86.Build.0 = Debug|Win32
		{982559A2-FBFA-4D3C-A919-CED2A0464348}.Release|Any CPU.ActiveCfg = Release|Win32
		{982559A2-FBFA-4D3C-A919-CED2A0464348}.Release|x64.ActiveCfg = Release|x64
		{982559A2-FBFA-4D3C-A919-CED2A0464348}.Release|x64.Build.0 = Release|x64
		{982559A2-FBFA-4D3C-A919-CED2A0464348}.Release|x86.ActiveCfg = Release|Win32
		{982559A2-FBFA-4D3C-A919-CED2A0464348}.Release|x86.Build.0 = Release|Win32
		{202973A6-3E20-4EE9-907A-C9426F789F08}.Debug|Any CPU.ActiveCfg = Debug|Win32
		{202973A6-3E20-4EE9-907A-C9426F789F08}.Debug|x64.ActiveCfg = Debug|x64
		{202973A6-3E20-4EE9-907A-C9426F789F08}.Debug|x64.Build.0 = Debug|x64
		{202973A6-3E20-4EE9-907A-C9426F789F08}.Debug|x86.ActiveCfg = Debug|Win32
		{202973A6-3E20-4EE9-907A-C9426F789F08}.Debug|x86.Build.0 = Debug|Win32
		{202973A6-3E20-4EE9-907A-C9426F789F08}.Release|Any CPU.ActiveCfg = Release|Win32
		{202973A6-3E20-4EE9-907A-C9426F789F08}.Release|x64.ActiveCfg = Release|x64
		{202973A6-3E20-4EE9-907A-C9426F789F08}.Release|x64.Build.0 = Release|x64
		{202973A6-3E20-4EE9-907A-C9426F789F08}.Release|x86.ActiveCfg = Release|Win32
		{202973A6-3E20-4EE9-907A-C9426F789F08}.Release|x86.Build.0 = Release|Win32
		{BB98D17D-A942-4D35-B647-3EF26C21C8A9}.Debug|Any CPU.ActiveCfg = Debug|Win32
		{BB98D17D-A942-4D35-B647-3EF26C21C8A9}.Debug|x64.ActiveCfg = Debug|x64
		{BB98D17D-A942-4D35-B647-3EF26C21C8A9}.Debug|x64.Build.0 = Debug|x64
		{BB98D17D-A942-4D35-B647-3EF26C21C8A9}.Debug|x86.ActiveCfg = Debug|Win32
		{BB98D17D-A942-4D35-B647-3EF26C21C8A9}.Debug|x86.Build.0 = Debug|Win32
		{BB98D17D-A942-4D35-B647-3EF26C21C8A9}.Release|Any CPU.ActiveCfg = Release|Win32
		{BB98D17D-A942-4D35-B647-3EF26C21C8A9}.Release|x64.ActiveCfg = Release|x64
		{BB98D17D-A942-4D35-B647-3EF26C21C8A9}.Release|x64.Build.0 = Release|x64
		{BB98D17D-A942-4D35-B647-3EF26C21C8A9}.Release|x86.ActiveCfg = Release|Win32
		{BB98D17D-A942-4D35-B647-3EF26C21C8A9}.Release|x86.Build.0 = Release|Win32
	EndGlobalSection
	GlobalSection(SolutionProperties) = preSolution
		HideSolutionNode = FALSE
	EndGlobalSection
	GlobalSection(ExtensibilityGlobals) = postSolution
		SolutionGuid = {CBB56C2F-7CC6-42B5-98C1-DA1D4D9BC5F0}
	EndGlobalSection
EndGlobal
